
Microsoft Visual Studio Solution File, Format Version 12.00
# Visual Studio Version 16
VisualStudioVersion = 16.0.30517.126
MinimumVisualStudioVersion = 10.0.40219.1
Project("{FAE04EC0-301F-11D3-BF4B-00C04F79EFBC}") = "GUTAPI", "GUTAPI\GUTAPI.csproj", "{7036763A-CF57-43B3-B0EB-D052AEF8470D}"
EndProject
Global
	GlobalSection(SolutionConfigurationPlatforms) = preSolution
		Debug|Any CPU = Debug|Any CPU
		Release|Any CPU = Release|Any CPU
	EndGlobalSection
	GlobalSection(ProjectConfigurationPlatforms) = postSolution
		{7036763A-CF57-43B3-B0EB-D052AEF8470D}.Debug|Any CPU.ActiveCfg = Debug|Any CPU
		{7036763A-CF57-43B3-B0EB-D052AEF8470D}.Debug|Any CPU.Build.0 = Debug|Any CPU
		{7036763A-CF57-43B3-B0EB-D052AEF8470D}.Release|Any CPU.ActiveCfg = Release|Any CPU
		{7036763A-CF57-43B3-B0EB-D052AEF8470D}.Release|Any CPU.Build.0 = Release|Any CPU
	EndGlobalSection
	GlobalSection(SolutionProperties) = preSolution
		HideSolutionNode = FALSE
	EndGlobalSection
	GlobalSection(ExtensibilityGlobals) = postSolution
		SolutionGuid = {2276ECA7-29C1-402A-BE7D-FAFD3867E3D6}
	EndGlobalSection
EndGlobal
